
Microsoft Visual Studio Solution File, Format Version 12.00
Project("{2150E333-8FDC-42A3-9474-1A3956D46DE8}") = "Nugets", "Nugets", "{D41AF882-C5CE-3566-73E5-4A4040E3ED92}"
EndProject
Project("{FAE04EC0-301F-11D3-BF4B-00C04F79EFBC}") = "BF.Utilities", "Src\Nugets\BF.Utilities\BF.Utilities.csproj", "{98329E42-0798-978E-BBD8-D8357AFBF99A}"
EndProject
Project("{2150E333-8FDC-42A3-9474-1A3956D46DE8}") = "Tests", "Tests", "{11ECFD39-D994-1242-B871-A28B2AA04A73}"
EndProject
Project("{FAE04EC0-301F-11D3-BF4B-00C04F79EFBC}") = "BF.Utilities.Tests", "Src\Tests\BF.Utilities.Tests\BF.Utilities.Tests.csproj", "{A8E58559-ED73-37D9-C218-FD28E959E1AD}"
EndProject
Global
	GlobalSection(SolutionConfigurationPlatforms) = preSolution
		DEBUG|x64 = DEBUG|x64
		RELEASE|x64 = RELEASE|x64
	EndGlobalSection
	GlobalSection(ProjectConfigurationPlatforms) = postSolution
		{98329E42-0798-978E-BBD8-D8357AFBF99A}.DEBUG|x64.ActiveCfg = DEBUG|x64
		{98329E42-0798-978E-BBD8-D8357AFBF99A}.DEBUG|x64.Build.0 = DEBUG|x64
		{98329E42-0798-978E-BBD8-D8357AFBF99A}.RELEASE|x64.ActiveCfg = RELEASE|x64
		{98329E42-0798-978E-BBD8-D8357AFBF99A}.RELEASE|x64.Build.0 = RELEASE|x64
		{A8E58559-ED73-37D9-C218-FD28E959E1AD}.DEBUG|x64.ActiveCfg = DEBUG|x64
		{A8E58559-ED73-37D9-C218-FD28E959E1AD}.DEBUG|x64.Build.0 = DEBUG|x64
		{A8E58559-ED73-37D9-C218-FD28E959E1AD}.RELEASE|x64.ActiveCfg = RELEASE|x64
		{A8E58559-ED73-37D9-C218-FD28E959E1AD}.RELEASE|x64.Build.0 = RELEASE|x64
	EndGlobalSection
	GlobalSection(NestedProjects) = preSolution
		{98329E42-0798-978E-BBD8-D8357AFBF99A} = {D41AF882-C5CE-3566-73E5-4A4040E3ED92}
		{A8E58559-ED73-37D9-C218-FD28E959E1AD} = {11ECFD39-D994-1242-B871-A28B2AA04A73}
	EndGlobalSection
EndGlobal
